
Microsoft Visual Studio Solution File, Format Version 12.00
# Visual Studio Version 16
VisualStudioVersion = 16.0.30907.101
MinimumVisualStudioVersion = 10.0.40219.1
Project("{FAE04EC0-301F-11D3-BF4B-00C04F79EFBC}") = "Monopoly", "Monopoly\Monopoly.csproj", "{03858B89-6E82-4B0C-9658-E715489FB5ED}"
EndProject
Global
	GlobalSection(SolutionConfigurationPlatforms) = preSolution
		Debug|Any CPU = Debug|Any CPU
		Release|Any CPU = Release|Any CPU
	EndGlobalSection
	GlobalSection(ProjectConfigurationPlatforms) = postSolution
		{03858B89-6E82-4B0C-9658-E715489FB5ED}.Debug|Any CPU.ActiveCfg = Debug|Any CPU
		{03858B89-6E82-4B0C-9658-E715489FB5ED}.Debug|Any CPU.Build.0 = Debug|Any CPU
		{03858B89-6E82-4B0C-9658-E715489FB5ED}.Release|Any CPU.ActiveCfg = Release|Any CPU
		{03858B89-6E82-4B0C-9658-E715489FB5ED}.Release|Any CPU.Build.0 = Release|Any CPU
	EndGlobalSection
	GlobalSection(SolutionProperties) = preSolution
		HideSolutionNode = FALSE
	EndGlobalSection
	GlobalSection(ExtensibilityGlobals) = postSolution
		SolutionGuid = {F6CFF786-41DE-47C9-91B1-04AD9A1923AF}
	EndGlobalSection
EndGlobal
